// !$*UTF8*$!
{
	archiveVersion = 1;
	classes = {
	};
	objectVersion = 46;
	objects = {

/* Begin PBXBuildFile section */
		49D16FD96D4AFE9A21EE16C0 /* Pods_CXWeiBo.framework in Frameworks */ = {isa = PBXBuildFile; fileRef = 800ACF117ADAA08798798AF8 /* Pods_CXWeiBo.framework */; };
		D1452D3F1CB1200000FB389D /* CustomTools.swift in Sources */ = {isa = PBXBuildFile; fileRef = D1452D3E1CB1200000FB389D /* CustomTools.swift */; };
		D146470D1CB7E7E10064A8C6 /* UserAccount.swift in Sources */ = {isa = PBXBuildFile; fileRef = D146470C1CB7E7E10064A8C6 /* UserAccount.swift */; };
		D14647111CB7FE1D0064A8C6 /* WelComeViewController.swift in Sources */ = {isa = PBXBuildFile; fileRef = D146470F1CB7FE1D0064A8C6 /* WelComeViewController.swift */; };
		D14647121CB7FE1D0064A8C6 /* WelComeViewController.xib in Resources */ = {isa = PBXBuildFile; fileRef = D14647101CB7FE1D0064A8C6 /* WelComeViewController.xib */; };
		D14647141CB800680064A8C6 /* UserAccountModel.swift in Sources */ = {isa = PBXBuildFile; fileRef = D14647131CB800680064A8C6 /* UserAccountModel.swift */; };
		D14CE34A1CB10AFD00E39D75 /* AppDelegate.swift in Sources */ = {isa = PBXBuildFile; fileRef = D14CE3491CB10AFD00E39D75 /* AppDelegate.swift */; };
		D14CE34F1CB10AFD00E39D75 /* Main.storyboard in Resources */ = {isa = PBXBuildFile; fileRef = D14CE34D1CB10AFD00E39D75 /* Main.storyboard */; };
		D14CE3511CB10AFD00E39D75 /* Assets.xcassets in Resources */ = {isa = PBXBuildFile; fileRef = D14CE3501CB10AFD00E39D75 /* Assets.xcassets */; };
		D14CE3541CB10AFD00E39D75 /* LaunchScreen.storyboard in Resources */ = {isa = PBXBuildFile; fileRef = D14CE3521CB10AFD00E39D75 /* LaunchScreen.storyboard */; };
		D156DE1C1CB3F30C0027B863 /* Home.storyboard in Resources */ = {isa = PBXBuildFile; fileRef = D156DE1A1CB3F30C0027B863 /* Home.storyboard */; };
		D156DE211CB3FC760027B863 /* Null.storyboard in Resources */ = {isa = PBXBuildFile; fileRef = D156DE1F1CB3FC760027B863 /* Null.storyboard */; };
		D156DE261CB3FD170027B863 /* Discover.storyboard in Resources */ = {isa = PBXBuildFile; fileRef = D156DE251CB3FD170027B863 /* Discover.storyboard */; };
		D156DE291CB3FD5E0027B863 /* Profile.storyboard in Resources */ = {isa = PBXBuildFile; fileRef = D156DE271CB3FD5E0027B863 /* Profile.storyboard */; };
		D156DE2B1CB407130027B863 /* UIButton-Extension.swift in Sources */ = {isa = PBXBuildFile; fileRef = D156DE2A1CB407130027B863 /* UIButton-Extension.swift */; };
		D156DE311CB40A6E0027B863 /* BaseViewController.swift in Sources */ = {isa = PBXBuildFile; fileRef = D156DE301CB40A6E0027B863 /* BaseViewController.swift */; };
		D156DE331CB40A930027B863 /* VisitorView.swift in Sources */ = {isa = PBXBuildFile; fileRef = D156DE321CB40A930027B863 /* VisitorView.swift */; };
		D156DE351CB40AA10027B863 /* VisitorView.xib in Resources */ = {isa = PBXBuildFile; fileRef = D156DE341CB40AA10027B863 /* VisitorView.xib */; };
		D156DE371CB418AB0027B863 /* TitleButton.swift in Sources */ = {isa = PBXBuildFile; fileRef = D156DE361CB418AB0027B863 /* TitleButton.swift */; };
		D156DE391CB528E40027B863 /* MainViewController.swift in Sources */ = {isa = PBXBuildFile; fileRef = D156DE381CB528E40027B863 /* MainViewController.swift */; };
		D156DE3B1CB52B900027B863 /* HomeViewController.swift in Sources */ = {isa = PBXBuildFile; fileRef = D156DE3A1CB52B900027B863 /* HomeViewController.swift */; };
		D156DE3D1CB52BBF0027B863 /* MessageVIewController.swift in Sources */ = {isa = PBXBuildFile; fileRef = D156DE3C1CB52BBF0027B863 /* MessageVIewController.swift */; };
		D156DE3F1CB52C850027B863 /* Message.storyboard in Resources */ = {isa = PBXBuildFile; fileRef = D156DE3E1CB52C850027B863 /* Message.storyboard */; };
		D156DE411CB52CC50027B863 /* DiscoverVIewController.swift in Sources */ = {isa = PBXBuildFile; fileRef = D156DE401CB52CC50027B863 /* DiscoverVIewController.swift */; };
		D156DE431CB52CE50027B863 /* ProfileViewController.swift in Sources */ = {isa = PBXBuildFile; fileRef = D156DE421CB52CE50027B863 /* ProfileViewController.swift */; };
		D156DE451CB5341D0027B863 /* BarButtonItem+Extension.swift in Sources */ = {isa = PBXBuildFile; fileRef = D156DE441CB5341D0027B863 /* BarButtonItem+Extension.swift */; };
		D1B70D771CB54CB500CFE72B /* PopoverViewController.swift in Sources */ = {isa = PBXBuildFile; fileRef = D1B70D751CB54CB500CFE72B /* PopoverViewController.swift */; };
		D1B70D781CB54CB500CFE72B /* PopoverViewController.xib in Resources */ = {isa = PBXBuildFile; fileRef = D1B70D761CB54CB500CFE72B /* PopoverViewController.xib */; };
		D1B70D7A1CB5526C00CFE72B /* PopoverAnimator.swift in Sources */ = {isa = PBXBuildFile; fileRef = D1B70D791CB5526C00CFE72B /* PopoverAnimator.swift */; };
		D1B70D7C1CB555EF00CFE72B /* CXPresentationController.swift in Sources */ = {isa = PBXBuildFile; fileRef = D1B70D7B1CB555EF00CFE72B /* CXPresentationController.swift */; };
		D1B70D801CB65A4E00CFE72B /* OAuthViewController.swift in Sources */ = {isa = PBXBuildFile; fileRef = D1B70D7E1CB65A4E00CFE72B /* OAuthViewController.swift */; };
		D1B70D811CB65A4E00CFE72B /* OAuthViewController.xib in Resources */ = {isa = PBXBuildFile; fileRef = D1B70D7F1CB65A4E00CFE72B /* OAuthViewController.xib */; };
		D1D5E8051CB7CC0800ABC27F /* NetWorkTools.swift in Sources */ = {isa = PBXBuildFile; fileRef = D1D5E8041CB7CC0800ABC27F /* NetWorkTools.swift */; };
		D1D5E8071CB7D35B00ABC27F /* Common.swift in Sources */ = {isa = PBXBuildFile; fileRef = D1D5E8061CB7D35B00ABC27F /* Common.swift */; };
/* End PBXBuildFile section */

/* Begin PBXFileReference section */
		58161236F2CF1F5D2498F69F /* Pods-CXWeiBo.debug.xcconfig */ = {isa = PBXFileReference; includeInIndex = 1; lastKnownFileType = text.xcconfig; name = "Pods-CXWeiBo.debug.xcconfig"; path = "Pods/Target Support Files/Pods-CXWeiBo/Pods-CXWeiBo.debug.xcconfig"; sourceTree = "<group>"; };
		800ACF117ADAA08798798AF8 /* Pods_CXWeiBo.framework */ = {isa = PBXFileReference; explicitFileType = wrapper.framework; includeInIndex = 0; path = Pods_CXWeiBo.framework; sourceTree = BUILT_PRODUCTS_DIR; };
		8790A07BE8187D7DE6ED2D30 /* Pods-CXWeiBo.release.xcconfig */ = {isa = PBXFileReference; includeInIndex = 1; lastKnownFileType = text.xcconfig; name = "Pods-CXWeiBo.release.xcconfig"; path = "Pods/Target Support Files/Pods-CXWeiBo/Pods-CXWeiBo.release.xcconfig"; sourceTree = "<group>"; };
		D1452D3E1CB1200000FB389D /* CustomTools.swift */ = {isa = PBXFileReference; fileEncoding = 4; lastKnownFileType = sourcecode.swift; path = CustomTools.swift; sourceTree = "<group>"; };
		D146470C1CB7E7E10064A8C6 /* UserAccount.swift */ = {isa = PBXFileReference; fileEncoding = 4; lastKnownFileType = sourcecode.swift; path = UserAccount.swift; sourceTree = "<group>"; };
		D146470F1CB7FE1D0064A8C6 /* WelComeViewController.swift */ = {isa = PBXFileReference; fileEncoding = 4; lastKnownFileType = sourcecode.swift; path = WelComeViewController.swift; sourceTree = "<group>"; };
		D14647101CB7FE1D0064A8C6 /* WelComeViewController.xib */ = {isa = PBXFileReference; fileEncoding = 4; lastKnownFileType = file.xib; path = WelComeViewController.xib; sourceTree = "<group>"; };
		D14647131CB800680064A8C6 /* UserAccountModel.swift */ = {isa = PBXFileReference; fileEncoding = 4; lastKnownFileType = sourcecode.swift; path = UserAccountModel.swift; sourceTree = "<group>"; };
		D14CE3461CB10AFC00E39D75 /* CXWeiBo.app */ = {isa = PBXFileReference; explicitFileType = wrapper.application; includeInIndex = 0; path = CXWeiBo.app; sourceTree = BUILT_PRODUCTS_DIR; };
		D14CE3491CB10AFD00E39D75 /* AppDelegate.swift */ = {isa = PBXFileReference; lastKnownFileType = sourcecode.swift; path = AppDelegate.swift; sourceTree = "<group>"; };
		D14CE34E1CB10AFD00E39D75 /* Base */ = {isa = PBXFileReference; lastKnownFileType = file.storyboard; name = Base; path = Base.lproj/Main.storyboard; sourceTree = "<group>"; };
		D14CE3501CB10AFD00E39D75 /* Assets.xcassets */ = {isa = PBXFileReference; lastKnownFileType = folder.assetcatalog; path = Assets.xcassets; sourceTree = "<group>"; };
		D14CE3531CB10AFD00E39D75 /* Base */ = {isa = PBXFileReference; lastKnownFileType = file.storyboard; name = Base; path = Base.lproj/LaunchScreen.storyboard; sourceTree = "<group>"; };
		D14CE3551CB10AFD00E39D75 /* Info.plist */ = {isa = PBXFileReference; lastKnownFileType = text.plist.xml; path = Info.plist; sourceTree = "<group>"; };
		D156DE1B1CB3F30C0027B863 /* Base */ = {isa = PBXFileReference; lastKnownFileType = file.storyboard; name = Base; path = Base.lproj/Home.storyboard; sourceTree = "<group>"; };
		D156DE201CB3FC760027B863 /* Base */ = {isa = PBXFileReference; lastKnownFileType = file.storyboard; name = Base; path = Base.lproj/Null.storyboard; sourceTree = "<group>"; };
		D156DE251CB3FD170027B863 /* Discover.storyboard */ = {isa = PBXFileReference; fileEncoding = 4; lastKnownFileType = file.storyboard; name = Discover.storyboard; path = ../../Discover.storyboard; sourceTree = "<group>"; };
		D156DE281CB3FD5E0027B863 /* Base */ = {isa = PBXFileReference; lastKnownFileType = file.storyboard; name = Base; path = Base.lproj/Profile.storyboard; sourceTree = "<group>"; };
		D156DE2A1CB407130027B863 /* UIButton-Extension.swift */ = {isa = PBXFileReference; fileEncoding = 4; lastKnownFileType = sourcecode.swift; path = "UIButton-Extension.swift"; sourceTree = "<group>"; };
		D156DE301CB40A6E0027B863 /* BaseViewController.swift */ = {isa = PBXFileReference; fileEncoding = 4; lastKnownFileType = sourcecode.swift; path = BaseViewController.swift; sourceTree = "<group>"; };
		D156DE321CB40A930027B863 /* VisitorView.swift */ = {isa = PBXFileReference; fileEncoding = 4; lastKnownFileType = sourcecode.swift; path = VisitorView.swift; sourceTree = "<group>"; };
		D156DE341CB40AA10027B863 /* VisitorView.xib */ = {isa = PBXFileReference; fileEncoding = 4; lastKnownFileType = file.xib; path = VisitorView.xib; sourceTree = "<group>"; };
		D156DE361CB418AB0027B863 /* TitleButton.swift */ = {isa = PBXFileReference; fileEncoding = 4; lastKnownFileType = sourcecode.swift; path = TitleButton.swift; sourceTree = "<group>"; };
		D156DE381CB528E40027B863 /* MainViewController.swift */ = {isa = PBXFileReference; fileEncoding = 4; lastKnownFileType = sourcecode.swift; path = MainViewController.swift; sourceTree = "<group>"; };
		D156DE3A1CB52B900027B863 /* HomeViewController.swift */ = {isa = PBXFileReference; fileEncoding = 4; lastKnownFileType = sourcecode.swift; path = HomeViewController.swift; sourceTree = "<group>"; };
		D156DE3C1CB52BBF0027B863 /* MessageVIewController.swift */ = {isa = PBXFileReference; fileEncoding = 4; lastKnownFileType = sourcecode.swift; path = MessageVIewController.swift; sourceTree = "<group>"; };
		D156DE3E1CB52C850027B863 /* Message.storyboard */ = {isa = PBXFileReference; fileEncoding = 4; lastKnownFileType = file.storyboard; path = Message.storyboard; sourceTree = "<group>"; };
		D156DE401CB52CC50027B863 /* DiscoverVIewController.swift */ = {isa = PBXFileReference; fileEncoding = 4; lastKnownFileType = sourcecode.swift; path = DiscoverVIewController.swift; sourceTree = "<group>"; };
		D156DE421CB52CE50027B863 /* ProfileViewController.swift */ = {isa = PBXFileReference; fileEncoding = 4; lastKnownFileType = sourcecode.swift; path = ProfileViewController.swift; sourceTree = "<group>"; };
		D156DE441CB5341D0027B863 /* BarButtonItem+Extension.swift */ = {isa = PBXFileReference; fileEncoding = 4; lastKnownFileType = sourcecode.swift; path = "BarButtonItem+Extension.swift"; sourceTree = "<group>"; };
		D1B70D751CB54CB500CFE72B /* PopoverViewController.swift */ = {isa = PBXFileReference; fileEncoding = 4; lastKnownFileType = sourcecode.swift; path = PopoverViewController.swift; sourceTree = "<group>"; };
		D1B70D761CB54CB500CFE72B /* PopoverViewController.xib */ = {isa = PBXFileReference; fileEncoding = 4; lastKnownFileType = file.xib; path = PopoverViewController.xib; sourceTree = "<group>"; };
		D1B70D791CB5526C00CFE72B /* PopoverAnimator.swift */ = {isa = PBXFileReference; fileEncoding = 4; lastKnownFileType = sourcecode.swift; path = PopoverAnimator.swift; sourceTree = "<group>"; };
		D1B70D7B1CB555EF00CFE72B /* CXPresentationController.swift */ = {isa = PBXFileReference; fileEncoding = 4; lastKnownFileType = sourcecode.swift; path = CXPresentationController.swift; sourceTree = "<group>"; };
		D1B70D7E1CB65A4E00CFE72B /* OAuthViewController.swift */ = {isa = PBXFileReference; fileEncoding = 4; lastKnownFileType = sourcecode.swift; path = OAuthViewController.swift; sourceTree = "<group>"; };
		D1B70D7F1CB65A4E00CFE72B /* OAuthViewController.xib */ = {isa = PBXFileReference; fileEncoding = 4; lastKnownFileType = file.xib; path = OAuthViewController.xib; sourceTree = "<group>"; };
		D1D5E8041CB7CC0800ABC27F /* NetWorkTools.swift */ = {isa = PBXFileReference; fileEncoding = 4; lastKnownFileType = sourcecode.swift; path = NetWorkTools.swift; sourceTree = "<group>"; };
		D1D5E8061CB7D35B00ABC27F /* Common.swift */ = {isa = PBXFileReference; fileEncoding = 4; lastKnownFileType = sourcecode.swift; path = Common.swift; sourceTree = "<group>"; };
/* End PBXFileReference section */

/* Begin PBXFrameworksBuildPhase section */
		D14CE3431CB10AFC00E39D75 /* Frameworks */ = {
			isa = PBXFrameworksBuildPhase;
			buildActionMask = 2147483647;
			files = (
				49D16FD96D4AFE9A21EE16C0 /* Pods_CXWeiBo.framework in Frameworks */,
			);
			runOnlyForDeploymentPostprocessing = 0;
		};
/* End PBXFrameworksBuildPhase section */

/* Begin PBXGroup section */
		C020817D11BA2A361A85CD26 /* Pods */ = {
			isa = PBXGroup;
			children = (
				58161236F2CF1F5D2498F69F /* Pods-CXWeiBo.debug.xcconfig */,
				8790A07BE8187D7DE6ED2D30 /* Pods-CXWeiBo.release.xcconfig */,
			);
			name = Pods;
			sourceTree = "<group>";
		};
		C39DB463A6AE233223865FB5 /* Frameworks */ = {
			isa = PBXGroup;
			children = (
				800ACF117ADAA08798798AF8 /* Pods_CXWeiBo.framework */,
			);
			name = Frameworks;
			sourceTree = "<group>";
		};
		D146470E1CB7F7300064A8C6 /* Welcome */ = {
			isa = PBXGroup;
			children = (
				D146470F1CB7FE1D0064A8C6 /* WelComeViewController.swift */,
				D14647101CB7FE1D0064A8C6 /* WelComeViewController.xib */,
			);
			path = Welcome;
			sourceTree = "<group>";
		};
		D14CE33D1CB10AFC00E39D75 = {
			isa = PBXGroup;
			children = (
				D14CE3481CB10AFD00E39D75 /* CXWeiBo */,
				D14CE3471CB10AFC00E39D75 /* Products */,
				C020817D11BA2A361A85CD26 /* Pods */,
				C39DB463A6AE233223865FB5 /* Frameworks */,
			);
			sourceTree = "<group>";
		};
		D14CE3471CB10AFC00E39D75 /* Products */ = {
			isa = PBXGroup;
			children = (
				D14CE3461CB10AFC00E39D75 /* CXWeiBo.app */,
			);
			name = Products;
			sourceTree = "<group>";
		};
		D14CE3481CB10AFD00E39D75 /* CXWeiBo */ = {
			isa = PBXGroup;
			children = (
				D14CE35B1CB10EF700E39D75 /* Classes */,
				D14CE34D1CB10AFD00E39D75 /* Main.storyboard */,
				D14CE3491CB10AFD00E39D75 /* AppDelegate.swift */,
				D14CE3521CB10AFD00E39D75 /* LaunchScreen.storyboard */,
				D14CE3551CB10AFD00E39D75 /* Info.plist */,
				D14CE3501CB10AFD00E39D75 /* Assets.xcassets */,
			);
			path = CXWeiBo;
			sourceTree = "<group>";
		};
		D14CE35B1CB10EF700E39D75 /* Classes */ = {
			isa = PBXGroup;
			children = (
				D14CE3681CB10EF700E39D75 /* Main(主要) */,
				D14CE3641CB10EF700E39D75 /* Home(首页) */,
				D14CE36C1CB10EF700E39D75 /* Message(消息) */,
				D14CE35C1CB10EF700E39D75 /* Compose(发布) */,
				D14CE3601CB10EF700E39D75 /* Discover(发现) */,
				D14CE3701CB10EF700E39D75 /* Profile(我) */,
				D14CE3741CB10EF700E39D75 /* Tool(工具) */,
			);
			path = Classes;
			sourceTree = "<group>";
		};
		D14CE35C1CB10EF700E39D75 /* Compose(发布) */ = {
			isa = PBXGroup;
			children = (
				D156DE1F1CB3FC760027B863 /* Null.storyboard */,
			);
			path = "Compose(发布)";
			sourceTree = "<group>";
		};
		D14CE3601CB10EF700E39D75 /* Discover(发现) */ = {
			isa = PBXGroup;
			children = (
				D156DE401CB52CC50027B863 /* DiscoverVIewController.swift */,
				D156DE251CB3FD170027B863 /* Discover.storyboard */,
			);
			path = "Discover(发现)";
			sourceTree = "<group>";
		};
		D14CE3641CB10EF700E39D75 /* Home(首页) */ = {
			isa = PBXGroup;
			children = (
				D1B70D741CB54C6200CFE72B /* PopoverViwe */,
				D156DE3A1CB52B900027B863 /* HomeViewController.swift */,
				D156DE1A1CB3F30C0027B863 /* Home.storyboard */,
			);
			path = "Home(首页)";
			sourceTree = "<group>";
		};
		D14CE3681CB10EF700E39D75 /* Main(主要) */ = {
			isa = PBXGroup;
			children = (
				D146470E1CB7F7300064A8C6 /* Welcome */,
				D1B70D7D1CB6592A00CFE72B /* OAuth */,
				D156DE2F1CB40A5C0027B863 /* Visitor */,
				D156DE381CB528E40027B863 /* MainViewController.swift */,
			);
			path = "Main(主要)";
			sourceTree = "<group>";
		};
		D14CE36C1CB10EF700E39D75 /* Message(消息) */ = {
			isa = PBXGroup;
			children = (
				D156DE3E1CB52C850027B863 /* Message.storyboard */,
				D156DE3C1CB52BBF0027B863 /* MessageVIewController.swift */,
			);
			path = "Message(消息)";
			sourceTree = "<group>";
		};
		D14CE3701CB10EF700E39D75 /* Profile(我) */ = {
			isa = PBXGroup;
			children = (
				D156DE421CB52CE50027B863 /* ProfileViewController.swift */,
				D156DE271CB3FD5E0027B863 /* Profile.storyboard */,
			);
			path = "Profile(我)";
			sourceTree = "<group>";
		};
		D14CE3741CB10EF700E39D75 /* Tool(工具) */ = {
			isa = PBXGroup;
			children = (
				D156DE361CB418AB0027B863 /* TitleButton.swift */,
				D1452D3E1CB1200000FB389D /* CustomTools.swift */,
				D156DE2A1CB407130027B863 /* UIButton-Extension.swift */,
				D156DE441CB5341D0027B863 /* BarButtonItem+Extension.swift */,
				D1D5E8041CB7CC0800ABC27F /* NetWorkTools.swift */,
				D1D5E8061CB7D35B00ABC27F /* Common.swift */,
			);
			path = "Tool(工具)";
			sourceTree = "<group>";
		};
		D156DE2F1CB40A5C0027B863 /* Visitor */ = {
			isa = PBXGroup;
			children = (
				D156DE301CB40A6E0027B863 /* BaseViewController.swift */,
				D156DE321CB40A930027B863 /* VisitorView.swift */,
				D156DE341CB40AA10027B863 /* VisitorView.xib */,
			);
			path = Visitor;
			sourceTree = "<group>";
		};
		D1B70D741CB54C6200CFE72B /* PopoverViwe */ = {
			isa = PBXGroup;
			children = (
				D1B70D751CB54CB500CFE72B /* PopoverViewController.swift */,
				D1B70D761CB54CB500CFE72B /* PopoverViewController.xib */,
				D1B70D791CB5526C00CFE72B /* PopoverAnimator.swift */,
				D1B70D7B1CB555EF00CFE72B /* CXPresentationController.swift */,
			);
			path = PopoverViwe;
			sourceTree = "<group>";
		};
		D1B70D7D1CB6592A00CFE72B /* OAuth */ = {
			isa = PBXGroup;
			children = (
				D1B70D7E1CB65A4E00CFE72B /* OAuthViewController.swift */,
				D1B70D7F1CB65A4E00CFE72B /* OAuthViewController.xib */,
				D146470C1CB7E7E10064A8C6 /* UserAccount.swift */,
				D14647131CB800680064A8C6 /* UserAccountModel.swift */,
			);
			path = OAuth;
			sourceTree = "<group>";
		};
/* End PBXGroup section */

/* Begin PBXNativeTarget section */
		D14CE3451CB10AFC00E39D75 /* CXWeiBo */ = {
			isa = PBXNativeTarget;
			buildConfigurationList = D14CE3581CB10AFD00E39D75 /* Build configuration list for PBXNativeTarget "CXWeiBo" */;
			buildPhases = (
				12A8B63E2C58DF4AE9F7841B /* Check Pods Manifest.lock */,
				D14CE3421CB10AFC00E39D75 /* Sources */,
				D14CE3431CB10AFC00E39D75 /* Frameworks */,
				D14CE3441CB10AFC00E39D75 /* Resources */,
				6ABD01B7EC5A59EB14164164 /* Embed Pods Frameworks */,
				59236D0CA425B5DA8DE09FD0 /* Copy Pods Resources */,
			);
			buildRules = (
			);
			dependencies = (
			);
			name = CXWeiBo;
			productName = CXWeiBo;
			productReference = D14CE3461CB10AFC00E39D75 /* CXWeiBo.app */;
			productType = "com.apple.product-type.application";
		};
/* End PBXNativeTarget section */

/* Begin PBXProject section */
		D14CE33E1CB10AFC00E39D75 /* Project object */ = {
			isa = PBXProject;
			attributes = {
				LastSwiftUpdateCheck = 0730;
				LastUpgradeCheck = 0730;
				ORGANIZATIONNAME = CellerX;
				TargetAttributes = {
					D14CE3451CB10AFC00E39D75 = {
						CreatedOnToolsVersion = 7.3;
						DevelopmentTeam = YH6FK749KU;
					};
				};
			};
			buildConfigurationList = D14CE3411CB10AFC00E39D75 /* Build configuration list for PBXProject "CXWeiBo" */;
			compatibilityVersion = "Xcode 3.2";
			developmentRegion = English;
			hasScannedForEncodings = 0;
			knownRegions = (
				en,
				Base,
			);
			mainGroup = D14CE33D1CB10AFC00E39D75;
			productRefGroup = D14CE3471CB10AFC00E39D75 /* Products */;
			projectDirPath = "";
			projectRoot = "";
			targets = (
				D14CE3451CB10AFC00E39D75 /* CXWeiBo */,
			);
		};
/* End PBXProject section */

/* Begin PBXResourcesBuildPhase section */
		D14CE3441CB10AFC00E39D75 /* Resources */ = {
			isa = PBXResourcesBuildPhase;
			buildActionMask = 2147483647;
			files = (
				D14CE3541CB10AFD00E39D75 /* LaunchScreen.storyboard in Resources */,
				D14CE3511CB10AFD00E39D75 /* Assets.xcassets in Resources */,
				D156DE291CB3FD5E0027B863 /* Profile.storyboard in Resources */,
				D14CE34F1CB10AFD00E39D75 /* Main.storyboard in Resources */,
				D1B70D781CB54CB500CFE72B /* PopoverViewController.xib in Resources */,
				D156DE3F1CB52C850027B863 /* Message.storyboard in Resources */,
				D1B70D811CB65A4E00CFE72B /* OAuthViewController.xib in Resources */,
				D156DE1C1CB3F30C0027B863 /* Home.storyboard in Resources */,
				D156DE261CB3FD170027B863 /* Discover.storyboard in Resources */,
				D14647121CB7FE1D0064A8C6 /* WelComeViewController.xib in Resources */,
				D156DE211CB3FC760027B863 /* Null.storyboard in Resources */,
				D156DE351CB40AA10027B863 /* VisitorView.xib in Resources */,
			);
			runOnlyForDeploymentPostprocessing = 0;
		};
/* End PBXResourcesBuildPhase section */

/* Begin PBXShellScriptBuildPhase section */
		12A8B63E2C58DF4AE9F7841B /* Check Pods Manifest.lock */ = {
			isa = PBXShellScriptBuildPhase;
			buildActionMask = 2147483647;
			files = (
			);
			inputPaths = (
			);
			name = "Check Pods Manifest.lock";
			outputPaths = (
			);
			runOnlyForDeploymentPostprocessing = 0;
			shellPath = /bin/sh;
			shellScript = "diff \"${PODS_ROOT}/../Podfile.lock\" \"${PODS_ROOT}/Manifest.lock\" > /dev/null\nif [[ $? != 0 ]] ; then\n    cat << EOM\nerror: The sandbox is not in sync with the Podfile.lock. Run 'pod install' or update your CocoaPods installation.\nEOM\n    exit 1\nfi\n";
			showEnvVarsInLog = 0;
		};
		59236D0CA425B5DA8DE09FD0 /* Copy Pods Resources */ = {
			isa = PBXShellScriptBuildPhase;
			buildActionMask = 2147483647;
			files = (
			);
			inputPaths = (
			);
			name = "Copy Pods Resources";
			outputPaths = (
			);
			runOnlyForDeploymentPostprocessing = 0;
			shellPath = /bin/sh;
			shellScript = "\"${SRCROOT}/Pods/Target Support Files/Pods-CXWeiBo/Pods-CXWeiBo-resources.sh\"\n";
			showEnvVarsInLog = 0;
		};
		6ABD01B7EC5A59EB14164164 /* Embed Pods Frameworks */ = {
			isa = PBXShellScriptBuildPhase;
			buildActionMask = 2147483647;
			files = (
			);
			inputPaths = (
			);
			name = "Embed Pods Frameworks";
			outputPaths = (
			);
			runOnlyForDeploymentPostprocessing = 0;
			shellPath = /bin/sh;
			shellScript = "\"${SRCROOT}/Pods/Target Support Files/Pods-CXWeiBo/Pods-CXWeiBo-frameworks.sh\"\n";
			showEnvVarsInLog = 0;
		};
/* End PBXShellScriptBuildPhase section */

/* Begin PBXSourcesBuildPhase section */
		D14CE3421CB10AFC00E39D75 /* Sources */ = {
			isa = PBXSourcesBuildPhase;
			buildActionMask = 2147483647;
			files = (
				D1452D3F1CB1200000FB389D /* CustomTools.swift in Sources */,
				D14647111CB7FE1D0064A8C6 /* WelComeViewController.swift in Sources */,
				D1B70D7C1CB555EF00CFE72B /* CXPresentationController.swift in Sources */,
				D156DE411CB52CC50027B863 /* DiscoverVIewController.swift in Sources */,
				D1D5E8051CB7CC0800ABC27F /* NetWorkTools.swift in Sources */,
				D1D5E8071CB7D35B00ABC27F /* Common.swift in Sources */,
				D146470D1CB7E7E10064A8C6 /* UserAccount.swift in Sources */,
				D1B70D771CB54CB500CFE72B /* PopoverViewController.swift in Sources */,
				D1B70D801CB65A4E00CFE72B /* OAuthViewController.swift in Sources */,
				D156DE391CB528E40027B863 /* MainViewController.swift in Sources */,
				D14CE34A1CB10AFD00E39D75 /* AppDelegate.swift in Sources */,
				D156DE451CB5341D0027B863 /* BarButtonItem+Extension.swift in Sources */,
				D14647141CB800680064A8C6 /* UserAccountModel.swift in Sources */,
				D156DE371CB418AB0027B863 /* TitleButton.swift in Sources */,
				D156DE431CB52CE50027B863 /* ProfileViewController.swift in Sources */,
				D1B70D7A1CB5526C00CFE72B /* PopoverAnimator.swift in Sources */,
				D156DE3D1CB52BBF0027B863 /* MessageVIewController.swift in Sources */,
				D156DE311CB40A6E0027B863 /* BaseViewController.swift in Sources */,
				D156DE331CB40A930027B863 /* VisitorView.swift in Sources */,
				D156DE2B1CB407130027B863 /* UIButton-Extension.swift in Sources */,
				D156DE3B1CB52B900027B863 /* HomeViewController.swift in Sources */,
			);
			runOnlyForDeploymentPostprocessing = 0;
		};
/* End PBXSourcesBuildPhase section */

/* Begin PBXVariantGroup section */
		D14CE34D1CB10AFD00E39D75 /* Main.storyboard */ = {
			isa = PBXVariantGroup;
			children = (
				D14CE34E1CB10AFD00E39D75 /* Base */,
			);
			name = Main.storyboard;
			sourceTree = "<group>";
		};
		D14CE3521CB10AFD00E39D75 /* LaunchScreen.storyboard */ = {
			isa = PBXVariantGroup;
			children = (
				D14CE3531CB10AFD00E39D75 /* Base */,
			);
			name = LaunchScreen.storyboard;
			sourceTree = "<group>";
		};
		D156DE1A1CB3F30C0027B863 /* Home.storyboard */ = {
			isa = PBXVariantGroup;
			children = (
				D156DE1B1CB3F30C0027B863 /* Base */,
			);
			name = Home.storyboard;
			path = ../..;
			sourceTree = "<group>";
		};
		D156DE1F1CB3FC760027B863 /* Null.storyboard */ = {
			isa = PBXVariantGroup;
			children = (
				D156DE201CB3FC760027B863 /* Base */,
			);
			name = Null.storyboard;
			path = ../..;
			sourceTree = "<group>";
		};
		D156DE271CB3FD5E0027B863 /* Profile.storyboard */ = {
			isa = PBXVariantGroup;
			children = (
				D156DE281CB3FD5E0027B863 /* Base */,
			);
			name = Profile.storyboard;
			path = ../..;
			sourceTree = "<group>";
		};
/* End PBXVariantGroup section */

/* Begin XCBuildConfiguration section */
		D14CE3561CB10AFD00E39D75 /* Debug */ = {
			isa = XCBuildConfiguration;
			buildSettings = {
				ALWAYS_SEARCH_USER_PATHS = NO;
				CLANG_ANALYZER_NONNULL = YES;
				CLANG_CXX_LANGUAGE_STANDARD = "gnu++0x";
				CLANG_CXX_LIBRARY = "libc++";
				CLANG_ENABLE_MODULES = YES;
				CLANG_ENABLE_OBJC_ARC = YES;
				CLANG_WARN_BOOL_CONVERSION = YES;
				CLANG_WARN_CONSTANT_CONVERSION = YES;
				CLANG_WARN_DIRECT_OBJC_ISA_USAGE = YES_ERROR;
				CLANG_WARN_EMPTY_BODY = YES;
				CLANG_WARN_ENUM_CONVERSION = YES;
				CLANG_WARN_INT_CONVERSION = YES;
				CLANG_WARN_OBJC_ROOT_CLASS = YES_ERROR;
				CLANG_WARN_UNREACHABLE_CODE = YES;
				CLANG_WARN__DUPLICATE_METHOD_MATCH = YES;
				"CODE_SIGN_IDENTITY[sdk=iphoneos*]" = "iPhone Developer";
				COPY_PHASE_STRIP = NO;
				DEBUG_INFORMATION_FORMAT = dwarf;
				ENABLE_STRICT_OBJC_MSGSEND = YES;
				ENABLE_TESTABILITY = YES;
				GCC_C_LANGUAGE_STANDARD = gnu99;
				GCC_DYNAMIC_NO_PIC = NO;
				GCC_NO_COMMON_BLOCKS = YES;
				GCC_OPTIMIZATION_LEVEL = 0;
				GCC_PREPROCESSOR_DEFINITIONS = (
					"DEBUG=1",
					"$(inherited)",
				);
				GCC_WARN_64_TO_32_BIT_CONVERSION = YES;
				GCC_WARN_ABOUT_RETURN_TYPE = YES_ERROR;
				GCC_WARN_UNDECLARED_SELECTOR = YES;
				GCC_WARN_UNINITIALIZED_AUTOS = YES_AGGRESSIVE;
				GCC_WARN_UNUSED_FUNCTION = YES;
				GCC_WARN_UNUSED_VARIABLE = YES;
				IPHONEOS_DEPLOYMENT_TARGET = 9.3;
				MTL_ENABLE_DEBUG_INFO = YES;
				ONLY_ACTIVE_ARCH = YES;
				SDKROOT = iphoneos;
				SWIFT_OPTIMIZATION_LEVEL = "-Onone";
			};
			name = Debug;
		};
		D14CE3571CB10AFD00E39D75 /* Release */ = {
			isa = XCBuildConfiguration;
			buildSettings = {
				ALWAYS_SEARCH_USER_PATHS = NO;
				CLANG_ANALYZER_NONNULL = YES;
				CLANG_CXX_LANGUAGE_STANDARD = "gnu++0x";
				CLANG_CXX_LIBRARY = "libc++";
				CLANG_ENABLE_MODULES = YES;
				CLANG_ENABLE_OBJC_ARC = YES;
				CLANG_WARN_BOOL_CONVERSION = YES;
				CLANG_WARN_CONSTANT_CONVERSION = YES;
				CLANG_WARN_DIRECT_OBJC_ISA_USAGE = YES_ERROR;
				CLANG_WARN_EMPTY_BODY = YES;
				CLANG_WARN_ENUM_CONVERSION = YES;
				CLANG_WARN_INT_CONVERSION = YES;
				CLANG_WARN_OBJC_ROOT_CLASS = YES_ERROR;
				CLANG_WARN_UNREACHABLE_CODE = YES;
				CLANG_WARN__DUPLICATE_METHOD_MATCH = YES;
				"CODE_SIGN_IDENTITY[sdk=iphoneos*]" = "iPhone Developer";
				COPY_PHASE_STRIP = NO;
				DEBUG_INFORMATION_FORMAT = "dwarf-with-dsym";
				ENABLE_NS_ASSERTIONS = NO;
				ENABLE_STRICT_OBJC_MSGSEND = YES;
				GCC_C_LANGUAGE_STANDARD = gnu99;
				GCC_NO_COMMON_BLOCKS = YES;
				GCC_WARN_64_TO_32_BIT_CONVERSION = YES;
				GCC_WARN_ABOUT_RETURN_TYPE = YES_ERROR;
				GCC_WARN_UNDECLARED_SELECTOR = YES;
				GCC_WARN_UNINITIALIZED_AUTOS = YES_AGGRESSIVE;
				GCC_WARN_UNUSED_FUNCTION = YES;
				GCC_WARN_UNUSED_VARIABLE = YES;
				IPHONEOS_DEPLOYMENT_TARGET = 9.3;
				MTL_ENABLE_DEBUG_INFO = NO;
				SDKROOT = iphoneos;
				VALIDATE_PRODUCT = YES;
			};
			name = Release;
		};
		D14CE3591CB10AFD00E39D75 /* Debug */ = {
			isa = XCBuildConfiguration;
			baseConfigurationReference = 58161236F2CF1F5D2498F69F /* Pods-CXWeiBo.debug.xcconfig */;
			buildSettings = {
				ASSETCATALOG_COMPILER_APPICON_NAME = AppIcon;
				ASSETCATALOG_COMPILER_LAUNCHIMAGE_NAME = "Brand Assets";
				INFOPLIST_FILE = CXWeiBo/Info.plist;
				IPHONEOS_DEPLOYMENT_TARGET = 9.0;
				LD_RUNPATH_SEARCH_PATHS = "$(inherited) @executable_path/Frameworks";
				"OTHER_SWIFT_FLAGS[arch=*]" = "-D DEBUG";
				PRODUCT_BUNDLE_IDENTIFIER = cn.gintoki.CXWeiBo;
				PRODUCT_NAME = "$(TARGET_NAME)";
			};
			name = Debug;
		};
		D14CE35A1CB10AFD00E39D75 /* Release */ = {
			isa = XCBuildConfiguration;
			baseConfigurationReference = 8790A07BE8187D7DE6ED2D30 /* Pods-CXWeiBo.release.xcconfig */;
			buildSettings = {
				ASSETCATALOG_COMPILER_APPICON_NAME = AppIcon;
				ASSETCATALOG_COMPILER_LAUNCHIMAGE_NAME = "Brand Assets";
				INFOPLIST_FILE = CXWeiBo/Info.plist;
				IPHONEOS_DEPLOYMENT_TARGET = 9.0;
				LD_RUNPATH_SEARCH_PATHS = "$(inherited) @executable_path/Frameworks";
				PRODUCT_BUNDLE_IDENTIFIER = cn.gintoki.CXWeiBo;
				PRODUCT_NAME = "$(TARGET_NAME)";
			};
			name = Release;
		};
/* End XCBuildConfiguration section */

/* Begin XCConfigurationList section */
		D14CE3411CB10AFC00E39D75 /* Build configuration list for PBXProject "CXWeiBo" */ = {
			isa = XCConfigurationList;
			buildConfigurations = (
				D14CE3561CB10AFD00E39D75 /* Debug */,
				D14CE3571CB10AFD00E39D75 /* Release */,
			);
			defaultConfigurationIsVisible = 0;
			defaultConfigurationName = Release;
		};
		D14CE3581CB10AFD00E39D75 /* Build configuration list for PBXNativeTarget "CXWeiBo" */ = {
			isa = XCConfigurationList;
			buildConfigurations = (
				D14CE3591CB10AFD00E39D75 /* Debug */,
				D14CE35A1CB10AFD00E39D75 /* Release */,
			);
			defaultConfigurationIsVisible = 0;
			defaultConfigurationName = Release;
		};
/* End XCConfigurationList section */
	};
	rootObject = D14CE33E1CB10AFC00E39D75 /* Project object */;
}
